
Microsoft Visual Studio Solution File, Format Version 12.00
# Visual Studio 15
VisualStudioVersion = 15.0.27428.2005
MinimumVisualStudioVersion = 10.0.40219.1
Project("{FAE04EC0-301F-11D3-BF4B-00C04F79EFBC}") = "Fireball", "FireBallEditor\Fireball.csproj", "{94BFA44A-F4D0-4605-88E6-3ADD498F5E16}"
EndProject
Global
	GlobalSection(SolutionConfigurationPlatforms) = preSolution
		Debug|Any CPU = Debug|Any CPU
		Release|Any CPU = Release|Any CPU
	EndGlobalSection
	GlobalSection(ProjectConfigurationPlatforms) = postSolution
		{94BFA44A-F4D0-4605-88E6-3ADD498F5E16}.Debug|Any CPU.ActiveCfg = Debug|Any CPU
		{94BFA44A-F4D0-4605-88E6-3ADD498F5E16}.Debug|Any CPU.Build.0 = Debug|Any CPU
		{94BFA44A-F4D0-4605-88E6-3ADD498F5E16}.Release|Any CPU.ActiveCfg = Release|Any CPU
		{94BFA44A-F4D0-4605-88E6-3ADD498F5E16}.Release|Any CPU.Build.0 = Release|Any CPU
	EndGlobalSection
	GlobalSection(SolutionProperties) = preSolution
		HideSolutionNode = FALSE
	EndGlobalSection
	GlobalSection(ExtensibilityGlobals) = postSolution
		SolutionGuid = {29B2917C-5D81-431B-BED7-BDB192C3FF49}
	EndGlobalSection
EndGlobal
